
Microsoft Visual Studio Solution File, Format Version 12.00
Project("{FAE04EC0-301F-11D3-BF4B-00C04F79EFBC}") = "laba1_parallel_csharp", "laba1_parallel_csharp\laba1_parallel_csharp.csproj", "{43B7173B-77C1-42BB-8C49-CE66E57F4DDC}"
EndProject
Global
	GlobalSection(SolutionConfigurationPlatforms) = preSolution
		Debug|Any CPU = Debug|Any CPU
		Release|Any CPU = Release|Any CPU
	EndGlobalSection
	GlobalSection(ProjectConfigurationPlatforms) = postSolution
		{43B7173B-77C1-42BB-8C49-CE66E57F4DDC}.Debug|Any CPU.ActiveCfg = Debug|Any CPU
		{43B7173B-77C1-42BB-8C49-CE66E57F4DDC}.Debug|Any CPU.Build.0 = Debug|Any CPU
		{43B7173B-77C1-42BB-8C49-CE66E57F4DDC}.Release|Any CPU.ActiveCfg = Release|Any CPU
		{43B7173B-77C1-42BB-8C49-CE66E57F4DDC}.Release|Any CPU.Build.0 = Release|Any CPU
	EndGlobalSection
EndGlobal
